
Microsoft Visual Studio Solution File, Format Version 12.00
# Visual Studio Version 16
VisualStudioVersion = 16.0.32428.217
MinimumVisualStudioVersion = 10.0.40219.1
Project("{FAE04EC0-301F-11D3-BF4B-00C04F79EFBC}") = "EclerxDay19.Asp.Net", "EclerxDay19.Asp.Net\EclerxDay19.Asp.Net.csproj", "{E5A053F7-8879-453E-9CEA-8868530B9CF3}"
EndProject
Global
	GlobalSection(SolutionConfigurationPlatforms) = preSolution
		Debug|Any CPU = Debug|Any CPU
		Release|Any CPU = Release|Any CPU
	EndGlobalSection
	GlobalSection(ProjectConfigurationPlatforms) = postSolution
		{E5A053F7-8879-453E-9CEA-8868530B9CF3}.Debug|Any CPU.ActiveCfg = Debug|Any CPU
		{E5A053F7-8879-453E-9CEA-8868530B9CF3}.Debug|Any CPU.Build.0 = Debug|Any CPU
		{E5A053F7-8879-453E-9CEA-8868530B9CF3}.Release|Any CPU.ActiveCfg = Release|Any CPU
		{E5A053F7-8879-453E-9CEA-8868530B9CF3}.Release|Any CPU.Build.0 = Release|Any CPU
	EndGlobalSection
	GlobalSection(SolutionProperties) = preSolution
		HideSolutionNode = FALSE
	EndGlobalSection
	GlobalSection(ExtensibilityGlobals) = postSolution
		SolutionGuid = {4BEB64AD-9E86-4519-B508-BB55454BB03E}
	EndGlobalSection
EndGlobal
